
Microsoft Visual Studio Solution File, Format Version 12.00
# Visual Studio Version 17
VisualStudioVersion = 17.1.32328.378
MinimumVisualStudioVersion = 10.0.40219.1
Project("{8BC9CEB8-8B4A-11D0-8D11-00A0C91BC942}") = "IntroductionToOOP", "IntroductionToOOP\IntroductionToOOP.vcxproj", "{5A9C702B-47BF-42C5-B8B3-C397BA33D9E2}"
EndProject
Project("{8BC9CEB8-8B4A-11D0-8D11-00A0C91BC942}") = "Fraction", "Fraction\Fraction.vcxproj", "{A4BAA38C-4DF2-4DF2-9D69-63C053F48EBD}"
EndProject
Project("{8BC9CEB8-8B4A-11D0-8D11-00A0C91BC942}") = "String", "String\String.vcxproj", "{253A8EE9-EA48-4203-A1E8-D7E949C7157A}"
EndProject
Project("{8BC9CEB8-8B4A-11D0-8D11-00A0C91BC942}") = "StringLibTest", "StringLibTest\StringLibTest.vcxproj", "{0A37BBD1-8F2C-48C8-BF22-110AA3318D49}"
EndProject
Global
	GlobalSection(SolutionConfigurationPlatforms) = preSolution
		Debug|x64 = Debug|x64
		Debug|x86 = Debug|x86
		Release|x64 = Release|x64
		Release|x86 = Release|x86
	EndGlobalSection
	GlobalSection(ProjectConfigurationPlatforms) = postSolution
		{5A9C702B-47BF-42C5-B8B3-C397BA33D9E2}.Debug|x64.ActiveCfg = Debug|x64
		{5A9C702B-47BF-42C5-B8B3-C397BA33D9E2}.Debug|x64.Build.0 = Debug|x64
		{5A9C702B-47BF-42C5-B8B3-C397BA33D9E2}.Debug|x86.ActiveCfg = Debug|Win32
		{5A9C702B-47BF-42C5-B8B3-C397BA33D9E2}.Debug|x86.Build.0 = Debug|Win32
		{5A9C702B-47BF-42C5-B8B3-C397BA33D9E2}.Release|x64.ActiveCfg = Release|x64
		{5A9C702B-47BF-42C5-B8B3-C397BA33D9E2}.Release|x64.Build.0 = Release|x64
		{5A9C702B-47BF-42C5-B8B3-C397BA33D9E2}.Release|x86.ActiveCfg = Release|Win32
		{5A9C702B-47BF-42C5-B8B3-C397BA33D9E2}.Release|x86.Build.0 = Release|Win32
		{A4BAA38C-4DF2-4DF2-9D69-63C053F48EBD}.Debug|x64.ActiveCfg = Debug|x64
		{A4BAA38C-4DF2-4DF2-9D69-63C053F48EBD}.Debug|x64.Build.0 = Debug|x64
		{A4BAA38C-4DF2-4DF2-9D69-63C053F48EBD}.Debug|x86.ActiveCfg = Debug|Win32
		{A4BAA38C-4DF2-4DF2-9D69-63C053F48EBD}.Debug|x86.Build.0 = Debug|Win32
		{A4BAA38C-4DF2-4DF2-9D69-63C053F48EBD}.Release|x64.ActiveCfg = Release|x64
		{A4BAA38C-4DF2-4DF2-9D69-63C053F48EBD}.Release|x64.Build.0 = Release|x64
		{A4BAA38C-4DF2-4DF2-9D69-63C053F48EBD}.Release|x86.ActiveCfg = Release|Win32
		{A4BAA38C-4DF2-4DF2-9D69-63C053F48EBD}.Release|x86.Build.0 = Release|Win32
		{253A8EE9-EA48-4203-A1E8-D7E949C7157A}.Debug|x64.ActiveCfg = Debug|x64
		{253A8EE9-EA48-4203-A1E8-D7E949C7157A}.Debug|x64.Build.0 = Debug|x64
		{253A8EE9-EA48-4203-A1E8-D7E949C7157A}.Debug|x86.ActiveCfg = Debug|Win32
		{253A8EE9-EA48-4203-A1E8-D7E949C7157A}.Debug|x86.Build.0 = Debug|Win32
		{253A8EE9-EA48-4203-A1E8-D7E949C7157A}.Release|x64.ActiveCfg = Release|x64
		{253A8EE9-EA48-4203-A1E8-D7E949C7157A}.Release|x64.Build.0 = Release|x64
		{253A8EE9-EA48-4203-A1E8-D7E949C7157A}.Release|x86.ActiveCfg = Release|Win32
		{253A8EE9-EA48-4203-A1E8-D7E949C7157A}.Release|x86.Build.0 = Release|Win32
		{0A37BBD1-8F2C-48C8-BF22-110AA3318D49}.Debug|x64.ActiveCfg = Debug|x64
		{0A37BBD1-8F2C-48C8-BF22-110AA3318D49}.Debug|x64.Build.0 = Debug|x64
		{0A37BBD1-8F2C-48C8-BF22-110AA3318D49}.Debug|x86.ActiveCfg = Debug|Win32
		{0A37BBD1-8F2C-48C8-BF22-110AA3318D49}.Debug|x86.Build.0 = Debug|Win32
		{0A37BBD1-8F2C-48C8-BF22-110AA3318D49}.Release|x64.ActiveCfg = Release|x64
		{0A37BBD1-8F2C-48C8-BF22-110AA3318D49}.Release|x64.Build.0 = Release|x64
		{0A37BBD1-8F2C-48C8-BF22-110AA3318D49}.Release|x86.ActiveCfg = Release|Win32
		{0A37BBD1-8F2C-48C8-BF22-110AA3318D49}.Release|x86.Build.0 = Release|Win32
	EndGlobalSection
	GlobalSection(SolutionProperties) = preSolution
		HideSolutionNode = FALSE
	EndGlobalSection
	GlobalSection(ExtensibilityGlobals) = postSolution
		SolutionGuid = {A48CFE4B-0AD1-4D30-A430-E2201983E38C}
	EndGlobalSection
EndGlobal
